
# THIS IS AN AUTOGENERATED FILE. DO NOT EDIT THIS FILE DIRECTLY.
# yarn lockfile v1

dotenv@^16.0.3:
  version "16.0.3"
  resolved "https://registry.yarnpkg.com/dotenv/-/dotenv-16.0.3.tgz"
  integrity sha512-1pGzN4whs7JYIDi3XLQAy0D99U2GbRBn3fWZ4P1VLRnFaCu1RMx8Xy5zhfZ7VuT1XD8MmznUO3tAMNVwPp4a6g==

express@^4.18.2:
  version "4.18.2"
  resolved "https://registry.yarnpkg.com/express/-/express-4.18.2.tgz"
  integrity sha512-hESvPPt3gsDT5S7AKGZpNGBfiERD6l0XeWg2yJONlzz3g8uyPP5CSv1j+v1BrTuRzSio4FiXjYxfsn0e2M8Z7A==

openai@^4.30.0:
  version "4.30.0"
  resolved "https://registry.yarnpkg.com/openai/-/openai-4.30.0.tgz"
  integrity sha512-lYbPTm4LfJhz97EV4kI/ogz9OS/XFhEsfN3t8nsbFSP3h7o8twNaPSRMwBNxIV9xPYDjJ3SPtpXtQ4jOh2kKfQ==
